// !$*UTF8*$!
{
	archiveVersion = 1;
	classes = {
	};
	objectVersion = 56;
	objects = {

/* Begin PBXBuildFile section */
		948ACDE829EB0AF80033EB9A /* AppDelegate.swift in Sources */ = {isa = PBXBuildFile; fileRef = 948ACDE729EB0AF80033EB9A /* AppDelegate.swift */; };
		948ACDEA29EB0AF80033EB9A /* SceneDelegate.swift in Sources */ = {isa = PBXBuildFile; fileRef = 948ACDE929EB0AF80033EB9A /* SceneDelegate.swift */; };
		948ACDEC29EB0AF80033EB9A /* CalculationViewController.swift in Sources */ = {isa = PBXBuildFile; fileRef = 948ACDEB29EB0AF80033EB9A /* CalculationViewController.swift */; };
		948ACDEF29EB0AF80033EB9A /* Main.storyboard in Resources */ = {isa = PBXBuildFile; fileRef = 948ACDED29EB0AF80033EB9A /* Main.storyboard */; };
		948ACDF129EB0AFA0033EB9A /* Assets.xcassets in Resources */ = {isa = PBXBuildFile; fileRef = 948ACDF029EB0AFA0033EB9A /* Assets.xcassets */; };
		948ACDF429EB0AFA0033EB9A /* LaunchScreen.storyboard in Resources */ = {isa = PBXBuildFile; fileRef = 948ACDF229EB0AFA0033EB9A /* LaunchScreen.storyboard */; };
		948ACE1329EC0BC40033EB9A /* ResultViewController.swift in Sources */ = {isa = PBXBuildFile; fileRef = 948ACE1229EC0BC40033EB9A /* ResultViewController.swift */; };
/* End PBXBuildFile section */

/* Begin PBXFileReference section */
		948ACDE429EB0AF80033EB9A /* Module_11.app */ = {isa = PBXFileReference; explicitFileType = wrapper.application; includeInIndex = 0; path = Module_11.app; sourceTree = BUILT_PRODUCTS_DIR; };
		948ACDE729EB0AF80033EB9A /* AppDelegate.swift */ = {isa = PBXFileReference; lastKnownFileType = sourcecode.swift; path = AppDelegate.swift; sourceTree = "<group>"; };
		948ACDE929EB0AF80033EB9A /* SceneDelegate.swift */ = {isa = PBXFileReference; lastKnownFileType = sourcecode.swift; path = SceneDelegate.swift; sourceTree = "<group>"; };
		948ACDEB29EB0AF80033EB9A /* CalculationViewController.swift */ = {isa = PBXFileReference; lastKnownFileType = sourcecode.swift; path = CalculationViewController.swift; sourceTree = "<group>"; };
		948ACDEE29EB0AF80033EB9A /* Base */ = {isa = PBXFileReference; lastKnownFileType = file.storyboard; name = Base; path = Base.lproj/Main.storyboard; sourceTree = "<group>"; };
		948ACDF029EB0AFA0033EB9A /* Assets.xcassets */ = {isa = PBXFileReference; lastKnownFileType = folder.assetcatalog; path = Assets.xcassets; sourceTree = "<group>"; };
		948ACDF329EB0AFA0033EB9A /* Base */ = {isa = PBXFileReference; lastKnownFileType = file.storyboard; name = Base; path = Base.lproj/LaunchScreen.storyboard; sourceTree = "<group>"; };
		948ACDF529EB0AFA0033EB9A /* Info.plist */ = {isa = PBXFileReference; lastKnownFileType = text.plist.xml; path = Info.plist; sourceTree = "<group>"; };
		948ACE1229EC0BC40033EB9A /* ResultViewController.swift */ = {isa = PBXFileReference; lastKnownFileType = sourcecode.swift; path = ResultViewController.swift; sourceTree = "<group>"; };
/* End PBXFileReference section */

/* Begin PBXFrameworksBuildPhase section */
		948ACDE129EB0AF80033EB9A /* Frameworks */ = {
			isa = PBXFrameworksBuildPhase;
			buildActionMask = 2147483647;
			files = (
			);
			runOnlyForDeploymentPostprocessing = 0;
		};
/* End PBXFrameworksBuildPhase section */

/* Begin PBXGroup section */
		948ACDDB29EB0AF80033EB9A = {
			isa = PBXGroup;
			children = (
				948ACDE629EB0AF80033EB9A /* Module_11 */,
				948ACDE529EB0AF80033EB9A /* Products */,
			);
			sourceTree = "<group>";
		};
		948ACDE529EB0AF80033EB9A /* Products */ = {
			isa = PBXGroup;
			children = (
				948ACDE429EB0AF80033EB9A /* Module_11.app */,
			);
			name = Products;
			sourceTree = "<group>";
		};
		948ACDE629EB0AF80033EB9A /* Module_11 */ = {
			isa = PBXGroup;
			children = (
				948ACDE729EB0AF80033EB9A /* AppDelegate.swift */,
				948ACDE929EB0AF80033EB9A /* SceneDelegate.swift */,
				948ACE1029EC0B9B0033EB9A /* Controller */,
				948ACE1129EC0BAB0033EB9A /* View */,
				948ACDF029EB0AFA0033EB9A /* Assets.xcassets */,
				948ACDF529EB0AFA0033EB9A /* Info.plist */,
			);
			path = Module_11;
			sourceTree = "<group>";
		};
		948ACE1029EC0B9B0033EB9A /* Controller */ = {
			isa = PBXGroup;
			children = (
				948ACDEB29EB0AF80033EB9A /* CalculationViewController.swift */,
				948ACE1229EC0BC40033EB9A /* ResultViewController.swift */,
			);
			path = Controller;
			sourceTree = "<group>";
		};
		948ACE1129EC0BAB0033EB9A /* View */ = {
			isa = PBXGroup;
			children = (
				948ACDED29EB0AF80033EB9A /* Main.storyboard */,
				948ACDF229EB0AFA0033EB9A /* LaunchScreen.storyboard */,
			);
			path = View;
			sourceTree = "<group>";
		};
/* End PBXGroup section */

/* Begin PBXNativeTarget section */
		948ACDE329EB0AF80033EB9A /* Module_11 */ = {
			isa = PBXNativeTarget;
			buildConfigurationList = 948ACDF829EB0AFA0033EB9A /* Build configuration list for PBXNativeTarget "Module_11" */;
			buildPhases = (
				948ACDE029EB0AF80033EB9A /* Sources */,
				948ACDE129EB0AF80033EB9A /* Frameworks */,
				948ACDE229EB0AF80033EB9A /* Resources */,
			);
			buildRules = (
			);
			dependencies = (
			);
			name = Module_11;
			productName = Module_11;
			productReference = 948ACDE429EB0AF80033EB9A /* Module_11.app */;
			productType = "com.apple.product-type.application";
		};
/* End PBXNativeTarget section */

/* Begin PBXProject section */
		948ACDDC29EB0AF80033EB9A /* Project object */ = {
			isa = PBXProject;
			attributes = {
				BuildIndependentTargetsInParallel = 1;
				LastSwiftUpdateCheck = 1420;
				LastUpgradeCheck = 1420;
				TargetAttributes = {
					948ACDE329EB0AF80033EB9A = {
						CreatedOnToolsVersion = 14.2;
					};
				};
			};
			buildConfigurationList = 948ACDDF29EB0AF80033EB9A /* Build configuration list for PBXProject "Module_11" */;
			compatibilityVersion = "Xcode 14.0";
			developmentRegion = en;
			hasScannedForEncodings = 0;
			knownRegions = (
				en,
				Base,
			);
			mainGroup = 948ACDDB29EB0AF80033EB9A;
			productRefGroup = 948ACDE529EB0AF80033EB9A /* Products */;
			projectDirPath = "";
			projectRoot = "";
			targets = (
				948ACDE329EB0AF80033EB9A /* Module_11 */,
			);
		};
/* End PBXProject section */

/* Begin PBXResourcesBuildPhase section */
		948ACDE229EB0AF80033EB9A /* Resources */ = {
			isa = PBXResourcesBuildPhase;
			buildActionMask = 2147483647;
			files = (
				948ACDF429EB0AFA0033EB9A /* LaunchScreen.storyboard in Resources */,
				948ACDF129EB0AFA0033EB9A /* Assets.xcassets in Resources */,
				948ACDEF29EB0AF80033EB9A /* Main.storyboard in Resources */,
			);
			runOnlyForDeploymentPostprocessing = 0;
		};
/* End PBXResourcesBuildPhase section */

/* Begin PBXSourcesBuildPhase section */
		948ACDE029EB0AF80033EB9A /* Sources */ = {
			isa = PBXSourcesBuildPhase;
			buildActionMask = 2147483647;
			files = (
				948ACDEC29EB0AF80033EB9A /* CalculationViewController.swift in Sources */,
				948ACDE829EB0AF80033EB9A /* AppDelegate.swift in Sources */,
				948ACDEA29EB0AF80033EB9A /* SceneDelegate.swift in Sources */,
				948ACE1329EC0BC40033EB9A /* ResultViewController.swift in Sources */,
			);
			runOnlyForDeploymentPostprocessing = 0;
		};
/* End PBXSourcesBuildPhase section */

/* Begin PBXVariantGroup section */
		948ACDED29EB0AF80033EB9A /* Main.storyboard */ = {
			isa = PBXVariantGroup;
			children = (
				948ACDEE29EB0AF80033EB9A /* Base */,
			);
			name = Main.storyboard;
			sourceTree = "<group>";
		};
		948ACDF229EB0AFA0033EB9A /* LaunchScreen.storyboard */ = {
			isa = PBXVariantGroup;
			children = (
				948ACDF329EB0AFA0033EB9A /* Base */,
			);
			name = LaunchScreen.storyboard;
			sourceTree = "<group>";
		};
/* End PBXVariantGroup section */

/* Begin XCBuildConfiguration section */
		948ACDF629EB0AFA0033EB9A /* Debug */ = {
			isa = XCBuildConfiguration;
			buildSettings = {
				ALWAYS_SEARCH_USER_PATHS = NO;
				CLANG_ANALYZER_NONNULL = YES;
				CLANG_ANALYZER_NUMBER_OBJECT_CONVERSION = YES_AGGRESSIVE;
				CLANG_CXX_LANGUAGE_STANDARD = "gnu++20";
				CLANG_ENABLE_MODULES = YES;
				CLANG_ENABLE_OBJC_ARC = YES;
				CLANG_ENABLE_OBJC_WEAK = YES;
				CLANG_WARN_BLOCK_CAPTURE_AUTORELEASING = YES;
				CLANG_WARN_BOOL_CONVERSION = YES;
				CLANG_WARN_COMMA = YES;
				CLANG_WARN_CONSTANT_CONVERSION = YES;
				CLANG_WARN_DEPRECATED_OBJC_IMPLEMENTATIONS = YES;
				CLANG_WARN_DIRECT_OBJC_ISA_USAGE = YES_ERROR;
				CLANG_WARN_DOCUMENTATION_COMMENTS = YES;
				CLANG_WARN_EMPTY_BODY = YES;
				CLANG_WARN_ENUM_CONVERSION = YES;
				CLANG_WARN_INFINITE_RECURSION = YES;
				CLANG_WARN_INT_CONVERSION = YES;
				CLANG_WARN_NON_LITERAL_NULL_CONVERSION = YES;
				CLANG_WARN_OBJC_IMPLICIT_RETAIN_SELF = YES;
				CLANG_WARN_OBJC_LITERAL_CONVERSION = YES;
				CLANG_WARN_OBJC_ROOT_CLASS = YES_ERROR;
				CLANG_WARN_QUOTED_INCLUDE_IN_FRAMEWORK_HEADER = YES;
				CLANG_WARN_RANGE_LOOP_ANALYSIS = YES;
				CLANG_WARN_STRICT_PROTOTYPES = YES;
				CLANG_WARN_SUSPICIOUS_MOVE = YES;
				CLANG_WARN_UNGUARDED_AVAILABILITY = YES_AGGRESSIVE;
				CLANG_WARN_UNREACHABLE_CODE = YES;
				CLANG_WARN__DUPLICATE_METHOD_MATCH = YES;
				COPY_PHASE_STRIP = NO;
				DEBUG_INFORMATION_FORMAT = dwarf;
				ENABLE_STRICT_OBJC_MSGSEND = YES;
				ENABLE_TESTABILITY = YES;
				GCC_C_LANGUAGE_STANDARD = gnu11;
				GCC_DYNAMIC_NO_PIC = NO;
				GCC_NO_COMMON_BLOCKS = YES;
				GCC_OPTIMIZATION_LEVEL = 0;
				GCC_PREPROCESSOR_DEFINITIONS = (
					"DEBUG=1",
					"$(inherited)",
				);
				GCC_WARN_64_TO_32_BIT_CONVERSION = YES;
				GCC_WARN_ABOUT_RETURN_TYPE = YES_ERROR;
				GCC_WARN_UNDECLARED_SELECTOR = YES;
				GCC_WARN_UNINITIALIZED_AUTOS = YES_AGGRESSIVE;
				GCC_WARN_UNUSED_FUNCTION = YES;
				GCC_WARN_UNUSED_VARIABLE = YES;
				IPHONEOS_DEPLOYMENT_TARGET = 16.2;
				MTL_ENABLE_DEBUG_INFO = INCLUDE_SOURCE;
				MTL_FAST_MATH = YES;
				ONLY_ACTIVE_ARCH = YES;
				SDKROOT = iphoneos;
				SWIFT_ACTIVE_COMPILATION_CONDITIONS = DEBUG;
				SWIFT_OPTIMIZATION_LEVEL = "-Onone";
			};
			name = Debug;
		};
		948ACDF729EB0AFA0033EB9A /* Release */ = {
			isa = XCBuildConfiguration;
			buildSettings = {
				ALWAYS_SEARCH_USER_PATHS = NO;
				CLANG_ANALYZER_NONNULL = YES;
				CLANG_ANALYZER_NUMBER_OBJECT_CONVERSION = YES_AGGRESSIVE;
				CLANG_CXX_LANGUAGE_STANDARD = "gnu++20";
				CLANG_ENABLE_MODULES = YES;
				CLANG_ENABLE_OBJC_ARC = YES;
				CLANG_ENABLE_OBJC_WEAK = YES;
				CLANG_WARN_BLOCK_CAPTURE_AUTORELEASING = YES;
				CLANG_WARN_BOOL_CONVERSION = YES;
				CLANG_WARN_COMMA = YES;
				CLANG_WARN_CONSTANT_CONVERSION = YES;
				CLANG_WARN_DEPRECATED_OBJC_IMPLEMENTATIONS = YES;
				CLANG_WARN_DIRECT_OBJC_ISA_USAGE = YES_ERROR;
				CLANG_WARN_DOCUMENTATION_COMMENTS = YES;
				CLANG_WARN_EMPTY_BODY = YES;
				CLANG_WARN_ENUM_CONVERSION = YES;
				CLANG_WARN_INFINITE_RECURSION = YES;
				CLANG_WARN_INT_CONVERSION = YES;
				CLANG_WARN_NON_LITERAL_NULL_CONVERSION = YES;
				CLANG_WARN_OBJC_IMPLICIT_RETAIN_SELF = YES;
				CLANG_WARN_OBJC_LITERAL_CONVERSION = YES;
				CLANG_WARN_OBJC_ROOT_CLASS = YES_ERROR;
				CLANG_WARN_QUOTED_INCLUDE_IN_FRAMEWORK_HEADER = YES;
				CLANG_WARN_RANGE_LOOP_ANALYSIS = YES;
				CLANG_WARN_STRICT_PROTOTYPES = YES;
				CLANG_WARN_SUSPICIOUS_MOVE = YES;
				CLANG_WARN_UNGUARDED_AVAILABILITY = YES_AGGRESSIVE;
				CLANG_WARN_UNREACHABLE_CODE = YES;
				CLANG_WARN__DUPLICATE_METHOD_MATCH = YES;
				COPY_PHASE_STRIP = NO;
				DEBUG_INFORMATION_FORMAT = "dwarf-with-dsym";
				ENABLE_NS_ASSERTIONS = NO;
				ENABLE_STRICT_OBJC_MSGSEND = YES;
				GCC_C_LANGUAGE_STANDARD = gnu11;
				GCC_NO_COMMON_BLOCKS = YES;
				GCC_WARN_64_TO_32_BIT_CONVERSION = YES;
				GCC_WARN_ABOUT_RETURN_TYPE = YES_ERROR;
				GCC_WARN_UNDECLARED_SELECTOR = YES;
				GCC_WARN_UNINITIALIZED_AUTOS = YES_AGGRESSIVE;
				GCC_WARN_UNUSED_FUNCTION = YES;
				GCC_WARN_UNUSED_VARIABLE = YES;
				IPHONEOS_DEPLOYMENT_TARGET = 16.2;
				MTL_ENABLE_DEBUG_INFO = NO;
				MTL_FAST_MATH = YES;
				SDKROOT = iphoneos;
				SWIFT_COMPILATION_MODE = wholemodule;
				SWIFT_OPTIMIZATION_LEVEL = "-O";
				VALIDATE_PRODUCT = YES;
			};
			name = Release;
		};
		948ACDF929EB0AFA0033EB9A /* Debug */ = {
			isa = XCBuildConfiguration;
			buildSettings = {
				ASSETCATALOG_COMPILER_APPICON_NAME = AppIcon;
				ASSETCATALOG_COMPILER_GLOBAL_ACCENT_COLOR_NAME = AccentColor;
				CODE_SIGN_STYLE = Automatic;
				CURRENT_PROJECT_VERSION = 1;
				DEVELOPMENT_TEAM = R9DP8RU754;
				GENERATE_INFOPLIST_FILE = YES;
				INFOPLIST_FILE = Module_11/Info.plist;
				INFOPLIST_KEY_UIApplicationSupportsIndirectInputEvents = YES;
				INFOPLIST_KEY_UILaunchStoryboardName = LaunchScreen;
				INFOPLIST_KEY_UIMainStoryboardFile = Main;
				INFOPLIST_KEY_UISupportedInterfaceOrientations_iPad = "UIInterfaceOrientationPortrait UIInterfaceOrientationPortraitUpsideDown UIInterfaceOrientationLandscapeLeft UIInterfaceOrientationLandscapeRight";
				INFOPLIST_KEY_UISupportedInterfaceOrientations_iPhone = "UIInterfaceOrientationPortrait UIInterfaceOrientationLandscapeLeft UIInterfaceOrientationLandscapeRight";
				LD_RUNPATH_SEARCH_PATHS = (
					"$(inherited)",
					"@executable_path/Frameworks",
				);
				MARKETING_VERSION = 1.0;
				PRODUCT_BUNDLE_IDENTIFIER = "potatoapp.Module-11";
				PRODUCT_NAME = "$(TARGET_NAME)";
				SWIFT_EMIT_LOC_STRINGS = YES;
				SWIFT_VERSION = 5.0;
				TARGETED_DEVICE_FAMILY = "1,2";
			};
			name = Debug;
		};
		948ACDFA29EB0AFA0033EB9A /* Release */ = {
			isa = XCBuildConfiguration;
			buildSettings = {
				ASSETCATALOG_COMPILER_APPICON_NAME = AppIcon;
				ASSETCATALOG_COMPILER_GLOBAL_ACCENT_COLOR_NAME = AccentColor;
				CODE_SIGN_STYLE = Automatic;
				CURRENT_PROJECT_VERSION = 1;
				DEVELOPMENT_TEAM = R9DP8RU754;
				GENERATE_INFOPLIST_FILE = YES;
				INFOPLIST_FILE = Module_11/Info.plist;
				INFOPLIST_KEY_UIApplicationSupportsIndirectInputEvents = YES;
				INFOPLIST_KEY_UILaunchStoryboardName = LaunchScreen;
				INFOPLIST_KEY_UIMainStoryboardFile = Main;
				INFOPLIST_KEY_UISupportedInterfaceOrientations_iPad = "UIInterfaceOrientationPortrait UIInterfaceOrientationPortraitUpsideDown UIInterfaceOrientationLandscapeLeft UIInterfaceOrientationLandscapeRight";
				INFOPLIST_KEY_UISupportedInterfaceOrientations_iPhone = "UIInterfaceOrientationPortrait UIInterfaceOrientationLandscapeLeft UIInterfaceOrientationLandscapeRight";
				LD_RUNPATH_SEARCH_PATHS = (
					"$(inherited)",
					"@executable_path/Frameworks",
				);
				MARKETING_VERSION = 1.0;
				PRODUCT_BUNDLE_IDENTIFIER = "potatoapp.Module-11";
				PRODUCT_NAME = "$(TARGET_NAME)";
				SWIFT_EMIT_LOC_STRINGS = YES;
				SWIFT_VERSION = 5.0;
				TARGETED_DEVICE_FAMILY = "1,2";
			};
			name = Release;
		};
/* End XCBuildConfiguration section */

/* Begin XCConfigurationList section */
		948ACDDF29EB0AF80033EB9A /* Build configuration list for PBXProject "Module_11" */ = {
			isa = XCConfigurationList;
			buildConfigurations = (
				948ACDF629EB0AFA0033EB9A /* Debug */,
				948ACDF729EB0AFA0033EB9A /* Release */,
			);
			defaultConfigurationIsVisible = 0;
			defaultConfigurationName = Release;
		};
		948ACDF829EB0AFA0033EB9A /* Build configuration list for PBXNativeTarget "Module_11" */ = {
			isa = XCConfigurationList;
			buildConfigurations = (
				948ACDF929EB0AFA0033EB9A /* Debug */,
				948ACDFA29EB0AFA0033EB9A /* Release */,
			);
			defaultConfigurationIsVisible = 0;
			defaultConfigurationName = Release;
		};
/* End XCConfigurationList section */
	};
	rootObject = 948ACDDC29EB0AF80033EB9A /* Project object */;
}
